
Microsoft Visual Studio Solution File, Format Version 12.00
# Visual Studio Version 17
VisualStudioVersion = 17.0.31903.59
MinimumVisualStudioVersion = 10.0.40219.1
Project("{9A19103F-16F7-4668-BE54-9A1E7A4F7556}") = "pentasharp", "pentasharp\pentasharp.csproj", "{EFE462EF-8187-4599-8B77-24018E901FE1}"
EndProject
Global
	GlobalSection(SolutionConfigurationPlatforms) = preSolution
		Debug|Any CPU = Debug|Any CPU
		Release|Any CPU = Release|Any CPU
	EndGlobalSection
	GlobalSection(ProjectConfigurationPlatforms) = postSolution
		{EFE462EF-8187-4599-8B77-24018E901FE1}.Debug|Any CPU.ActiveCfg = Debug|Any CPU
		{EFE462EF-8187-4599-8B77-24018E901FE1}.Debug|Any CPU.Build.0 = Debug|Any CPU
		{EFE462EF-8187-4599-8B77-24018E901FE1}.Release|Any CPU.ActiveCfg = Release|Any CPU
		{EFE462EF-8187-4599-8B77-24018E901FE1}.Release|Any CPU.Build.0 = Release|Any CPU
	EndGlobalSection
	GlobalSection(SolutionProperties) = preSolution
		HideSolutionNode = FALSE
	EndGlobalSection
	GlobalSection(ExtensibilityGlobals) = postSolution
		SolutionGuid = {8C2F7CF4-99B6-47F1-9A8C-32A840BA6A53}
	EndGlobalSection
EndGlobal
